
Microsoft Visual Studio Solution File, Format Version 12.00
# Visual Studio 2012
VisualStudioVersion = 14.0.22823.1
MinimumVisualStudioVersion = 10.0.40219.1
Project("{FAE04EC0-301F-11D3-BF4B-00C04F79EFBC}") = "MDKControl.Core", "MDKControl.Core\MDKControl.Core.csproj", "{EFE39D51-63CB-4D8B-AB47-367E2FB40EFB}"
EndProject
Project("{FAE04EC0-301F-11D3-BF4B-00C04F79EFBC}") = "MDKControl.Droid", "MDKControl.Droid\MDKControl.Droid.csproj", "{222DB2CC-3F3C-4C6A-A66E-EC76F896080F}"
EndProject
Project("{FAE04EC0-301F-11D3-BF4B-00C04F79EFBC}") = "MDKControl.WinPhone", "MDKControl.WinPhone\MDKControl.WinPhone.csproj", "{EAAA0F61-B069-4DBD-9BD5-7CC17C6CA9FB}"
EndProject
Project("{FAE04EC0-301F-11D3-BF4B-00C04F79EFBC}") = "MDKControl.iOS", "MDKControl.iOS\MDKControl.iOS.csproj", "{C97D188B-F943-46E3-B5AA-E31A6C440D5E}"
EndProject
Project("{FAE04EC0-301F-11D3-BF4B-00C04F79EFBC}") = "Robotics.Mobile.Core", "Monkey.Robotics\Source\Platform Stacks\Robotics.Mobile.Core\Robotics.Mobile.Core.csproj", "{65733427-B647-4556-A87C-20937496780A}"
EndProject
Project("{FAE04EC0-301F-11D3-BF4B-00C04F79EFBC}") = "Robotics.Mobile.Core.Droid", "Monkey.Robotics\Source\Platform Stacks\Robotics.Mobile.Core.Droid\Robotics.Mobile.Core.Droid.csproj", "{0040B1B9-6E22-438A-A6A7-A5A00B2B89B1}"
EndProject
Project("{FAE04EC0-301F-11D3-BF4B-00C04F79EFBC}") = "Robotics.Mobile.Core.iOS64", "Monkey.Robotics\Source\Platform Stacks\Robotics.Mobile.Core.iOS64\Robotics.Mobile.Core.iOS64.csproj", "{86508A87-8074-402E-A5DF-AA9A0EADA0B0}"
EndProject
Global
	GlobalSection(SolutionConfigurationPlatforms) = preSolution
		Ad-Hoc|Any CPU = Ad-Hoc|Any CPU
		Ad-Hoc|ARM = Ad-Hoc|ARM
		Ad-Hoc|iPhone = Ad-Hoc|iPhone
		Ad-Hoc|iPhoneSimulator = Ad-Hoc|iPhoneSimulator
		Ad-Hoc|x86 = Ad-Hoc|x86
		AppStore|Any CPU = AppStore|Any CPU
		AppStore|ARM = AppStore|ARM
		AppStore|iPhone = AppStore|iPhone
		AppStore|iPhoneSimulator = AppStore|iPhoneSimulator
		AppStore|x86 = AppStore|x86
		Debug|Any CPU = Debug|Any CPU
		Debug|ARM = Debug|ARM
		Debug|iPhone = Debug|iPhone
		Debug|iPhoneSimulator = Debug|iPhoneSimulator
		Debug|x86 = Debug|x86
		Release|Any CPU = Release|Any CPU
		Release|ARM = Release|ARM
		Release|iPhone = Release|iPhone
		Release|iPhoneSimulator = Release|iPhoneSimulator
		Release|x86 = Release|x86
	EndGlobalSection
	GlobalSection(ProjectConfigurationPlatforms) = postSolution
		{0040B1B9-6E22-438A-A6A7-A5A00B2B89B1}.Ad-Hoc|Any CPU.ActiveCfg = Release|Any CPU
		{0040B1B9-6E22-438A-A6A7-A5A00B2B89B1}.Ad-Hoc|Any CPU.Build.0 = Release|Any CPU
		{0040B1B9-6E22-438A-A6A7-A5A00B2B89B1}.Ad-Hoc|ARM.ActiveCfg = Release|Any CPU
		{0040B1B9-6E22-438A-A6A7-A5A00B2B89B1}.Ad-Hoc|ARM.Build.0 = Release|Any CPU
		{0040B1B9-6E22-438A-A6A7-A5A00B2B89B1}.Ad-Hoc|iPhone.ActiveCfg = Release|Any CPU
		{0040B1B9-6E22-438A-A6A7-A5A00B2B89B1}.Ad-Hoc|iPhone.Build.0 = Release|Any CPU
		{0040B1B9-6E22-438A-A6A7-A5A00B2B89B1}.Ad-Hoc|iPhoneSimulator.ActiveCfg = Release|Any CPU
		{0040B1B9-6E22-438A-A6A7-A5A00B2B89B1}.Ad-Hoc|iPhoneSimulator.Build.0 = Release|Any CPU
		{0040B1B9-6E22-438A-A6A7-A5A00B2B89B1}.Ad-Hoc|x86.ActiveCfg = Release|Any CPU
		{0040B1B9-6E22-438A-A6A7-A5A00B2B89B1}.Ad-Hoc|x86.Build.0 = Release|Any CPU
		{0040B1B9-6E22-438A-A6A7-A5A00B2B89B1}.AppStore|Any CPU.ActiveCfg = Release|Any CPU
		{0040B1B9-6E22-438A-A6A7-A5A00B2B89B1}.AppStore|Any CPU.Build.0 = Release|Any CPU
		{0040B1B9-6E22-438A-A6A7-A5A00B2B89B1}.AppStore|ARM.ActiveCfg = Release|Any CPU
		{0040B1B9-6E22-438A-A6A7-A5A00B2B89B1}.AppStore|ARM.Build.0 = Release|Any CPU
		{0040B1B9-6E22-438A-A6A7-A5A00B2B89B1}.AppStore|iPhone.ActiveCfg = Release|Any CPU
		{0040B1B9-6E22-438A-A6A7-A5A00B2B89B1}.AppStore|iPhone.Build.0 = Release|Any CPU
		{0040B1B9-6E22-438A-A6A7-A5A00B2B89B1}.AppStore|iPhoneSimulator.ActiveCfg = Release|Any CPU
		{0040B1B9-6E22-438A-A6A7-A5A00B2B89B1}.AppStore|iPhoneSimulator.Build.0 = Release|Any CPU
		{0040B1B9-6E22-438A-A6A7-A5A00B2B89B1}.AppStore|x86.ActiveCfg = Release|Any CPU
		{0040B1B9-6E22-438A-A6A7-A5A00B2B89B1}.AppStore|x86.Build.0 = Release|Any CPU
		{0040B1B9-6E22-438A-A6A7-A5A00B2B89B1}.Debug|Any CPU.ActiveCfg = Debug|Any CPU
		{0040B1B9-6E22-438A-A6A7-A5A00B2B89B1}.Debug|Any CPU.Build.0 = Debug|Any CPU
		{0040B1B9-6E22-438A-A6A7-A5A00B2B89B1}.Debug|ARM.ActiveCfg = Debug|Any CPU
		{0040B1B9-6E22-438A-A6A7-A5A00B2B89B1}.Debug|ARM.Build.0 = Debug|Any CPU
		{0040B1B9-6E22-438A-A6A7-A5A00B2B89B1}.Debug|iPhone.ActiveCfg = Debug|Any CPU
		{0040B1B9-6E22-438A-A6A7-A5A00B2B89B1}.Debug|iPhone.Build.0 = Debug|Any CPU
		{0040B1B9-6E22-438A-A6A7-A5A00B2B89B1}.Debug|iPhoneSimulator.ActiveCfg = Debug|Any CPU
		{0040B1B9-6E22-438A-A6A7-A5A00B2B89B1}.Debug|iPhoneSimulator.Build.0 = Debug|Any CPU
		{0040B1B9-6E22-438A-A6A7-A5A00B2B89B1}.Debug|x86.ActiveCfg = Debug|Any CPU
		{0040B1B9-6E22-438A-A6A7-A5A00B2B89B1}.Debug|x86.Build.0 = Debug|Any CPU
		{0040B1B9-6E22-438A-A6A7-A5A00B2B89B1}.Release|Any CPU.ActiveCfg = Release|Any CPU
		{0040B1B9-6E22-438A-A6A7-A5A00B2B89B1}.Release|Any CPU.Build.0 = Release|Any CPU
		{0040B1B9-6E22-438A-A6A7-A5A00B2B89B1}.Release|ARM.ActiveCfg = Release|Any CPU
		{0040B1B9-6E22-438A-A6A7-A5A00B2B89B1}.Release|ARM.Build.0 = Release|Any CPU
		{0040B1B9-6E22-438A-A6A7-A5A00B2B89B1}.Release|iPhone.ActiveCfg = Release|Any CPU
		{0040B1B9-6E22-438A-A6A7-A5A00B2B89B1}.Release|iPhone.Build.0 = Release|Any CPU
		{0040B1B9-6E22-438A-A6A7-A5A00B2B89B1}.Release|iPhoneSimulator.ActiveCfg = Release|Any CPU
		{0040B1B9-6E22-438A-A6A7-A5A00B2B89B1}.Release|iPhoneSimulator.Build.0 = Release|Any CPU
		{0040B1B9-6E22-438A-A6A7-A5A00B2B89B1}.Release|x86.ActiveCfg = Release|Any CPU
		{0040B1B9-6E22-438A-A6A7-A5A00B2B89B1}.Release|x86.Build.0 = Release|Any CPU
		{222DB2CC-3F3C-4C6A-A66E-EC76F896080F}.Ad-Hoc|Any CPU.ActiveCfg = Release|Any CPU
		{222DB2CC-3F3C-4C6A-A66E-EC76F896080F}.Ad-Hoc|Any CPU.Build.0 = Release|Any CPU
		{222DB2CC-3F3C-4C6A-A66E-EC76F896080F}.Ad-Hoc|Any CPU.Deploy.0 = Release|Any CPU
		{222DB2CC-3F3C-4C6A-A66E-EC76F896080F}.Ad-Hoc|ARM.ActiveCfg = Release|Any CPU
		{222DB2CC-3F3C-4C6A-A66E-EC76F896080F}.Ad-Hoc|ARM.Build.0 = Release|Any CPU
		{222DB2CC-3F3C-4C6A-A66E-EC76F896080F}.Ad-Hoc|ARM.Deploy.0 = Release|Any CPU
		{222DB2CC-3F3C-4C6A-A66E-EC76F896080F}.Ad-Hoc|iPhone.ActiveCfg = Release|Any CPU
		{222DB2CC-3F3C-4C6A-A66E-EC76F896080F}.Ad-Hoc|iPhone.Build.0 = Release|Any CPU
		{222DB2CC-3F3C-4C6A-A66E-EC76F896080F}.Ad-Hoc|iPhone.Deploy.0 = Release|Any CPU
		{222DB2CC-3F3C-4C6A-A66E-EC76F896080F}.Ad-Hoc|iPhoneSimulator.ActiveCfg = Release|Any CPU
		{222DB2CC-3F3C-4C6A-A66E-EC76F896080F}.Ad-Hoc|iPhoneSimulator.Build.0 = Release|Any CPU
		{222DB2CC-3F3C-4C6A-A66E-EC76F896080F}.Ad-Hoc|iPhoneSimulator.Deploy.0 = Release|Any CPU
		{222DB2CC-3F3C-4C6A-A66E-EC76F896080F}.Ad-Hoc|x86.ActiveCfg = Release|Any CPU
		{222DB2CC-3F3C-4C6A-A66E-EC76F896080F}.Ad-Hoc|x86.Build.0 = Release|Any CPU
		{222DB2CC-3F3C-4C6A-A66E-EC76F896080F}.Ad-Hoc|x86.Deploy.0 = Release|Any CPU
		{222DB2CC-3F3C-4C6A-A66E-EC76F896080F}.AppStore|Any CPU.ActiveCfg = Release|Any CPU
		{222DB2CC-3F3C-4C6A-A66E-EC76F896080F}.AppStore|Any CPU.Build.0 = Release|Any CPU
		{222DB2CC-3F3C-4C6A-A66E-EC76F896080F}.AppStore|Any CPU.Deploy.0 = Release|Any CPU
		{222DB2CC-3F3C-4C6A-A66E-EC76F896080F}.AppStore|ARM.ActiveCfg = Release|Any CPU
		{222DB2CC-3F3C-4C6A-A66E-EC76F896080F}.AppStore|ARM.Build.0 = Release|Any CPU
		{222DB2CC-3F3C-4C6A-A66E-EC76F896080F}.AppStore|ARM.Deploy.0 = Release|Any CPU
		{222DB2CC-3F3C-4C6A-A66E-EC76F896080F}.AppStore|iPhone.ActiveCfg = Release|Any CPU
		{222DB2CC-3F3C-4C6A-A66E-EC76F896080F}.AppStore|iPhone.Build.0 = Release|Any CPU
		{222DB2CC-3F3C-4C6A-A66E-EC76F896080F}.AppStore|iPhone.Deploy.0 = Release|Any CPU
		{222DB2CC-3F3C-4C6A-A66E-EC76F896080F}.AppStore|iPhoneSimulator.ActiveCfg = Release|Any CPU
		{222DB2CC-3F3C-4C6A-A66E-EC76F896080F}.AppStore|iPhoneSimulator.Build.0 = Release|Any CPU
		{222DB2CC-3F3C-4C6A-A66E-EC76F896080F}.AppStore|iPhoneSimulator.Deploy.0 = Release|Any CPU
		{222DB2CC-3F3C-4C6A-A66E-EC76F896080F}.AppStore|x86.ActiveCfg = Release|Any CPU
		{222DB2CC-3F3C-4C6A-A66E-EC76F896080F}.AppStore|x86.Build.0 = Release|Any CPU
		{222DB2CC-3F3C-4C6A-A66E-EC76F896080F}.AppStore|x86.Deploy.0 = Release|Any CPU
		{222DB2CC-3F3C-4C6A-A66E-EC76F896080F}.Debug|Any CPU.ActiveCfg = Debug|Any CPU
		{222DB2CC-3F3C-4C6A-A66E-EC76F896080F}.Debug|Any CPU.Build.0 = Debug|Any CPU
		{222DB2CC-3F3C-4C6A-A66E-EC76F896080F}.Debug|ARM.ActiveCfg = Debug|Any CPU
		{222DB2CC-3F3C-4C6A-A66E-EC76F896080F}.Debug|ARM.Build.0 = Debug|Any CPU
		{222DB2CC-3F3C-4C6A-A66E-EC76F896080F}.Debug|ARM.Deploy.0 = Debug|Any CPU
		{222DB2CC-3F3C-4C6A-A66E-EC76F896080F}.Debug|iPhone.ActiveCfg = Debug|Any CPU
		{222DB2CC-3F3C-4C6A-A66E-EC76F896080F}.Debug|iPhone.Build.0 = Debug|Any CPU
		{222DB2CC-3F3C-4C6A-A66E-EC76F896080F}.Debug|iPhone.Deploy.0 = Debug|Any CPU
		{222DB2CC-3F3C-4C6A-A66E-EC76F896080F}.Debug|iPhoneSimulator.ActiveCfg = Debug|Any CPU
		{222DB2CC-3F3C-4C6A-A66E-EC76F896080F}.Debug|iPhoneSimulator.Build.0 = Debug|Any CPU
		{222DB2CC-3F3C-4C6A-A66E-EC76F896080F}.Debug|iPhoneSimulator.Deploy.0 = Debug|Any CPU
		{222DB2CC-3F3C-4C6A-A66E-EC76F896080F}.Debug|x86.ActiveCfg = Debug|Any CPU
		{222DB2CC-3F3C-4C6A-A66E-EC76F896080F}.Debug|x86.Build.0 = Debug|Any CPU
		{222DB2CC-3F3C-4C6A-A66E-EC76F896080F}.Debug|x86.Deploy.0 = Debug|Any CPU
		{222DB2CC-3F3C-4C6A-A66E-EC76F896080F}.Release|Any CPU.ActiveCfg = Release|Any CPU
		{222DB2CC-3F3C-4C6A-A66E-EC76F896080F}.Release|Any CPU.Build.0 = Release|Any CPU
		{222DB2CC-3F3C-4C6A-A66E-EC76F896080F}.Release|ARM.ActiveCfg = Release|Any CPU
		{222DB2CC-3F3C-4C6A-A66E-EC76F896080F}.Release|ARM.Build.0 = Release|Any CPU
		{222DB2CC-3F3C-4C6A-A66E-EC76F896080F}.Release|ARM.Deploy.0 = Release|Any CPU
		{222DB2CC-3F3C-4C6A-A66E-EC76F896080F}.Release|iPhone.ActiveCfg = Release|Any CPU
		{222DB2CC-3F3C-4C6A-A66E-EC76F896080F}.Release|iPhone.Build.0 = Release|Any CPU
		{222DB2CC-3F3C-4C6A-A66E-EC76F896080F}.Release|iPhone.Deploy.0 = Release|Any CPU
		{222DB2CC-3F3C-4C6A-A66E-EC76F896080F}.Release|iPhoneSimulator.ActiveCfg = Release|Any CPU
		{222DB2CC-3F3C-4C6A-A66E-EC76F896080F}.Release|iPhoneSimulator.Build.0 = Release|Any CPU
		{222DB2CC-3F3C-4C6A-A66E-EC76F896080F}.Release|iPhoneSimulator.Deploy.0 = Release|Any CPU
		{222DB2CC-3F3C-4C6A-A66E-EC76F896080F}.Release|x86.ActiveCfg = Release|Any CPU
		{222DB2CC-3F3C-4C6A-A66E-EC76F896080F}.Release|x86.Build.0 = Release|Any CPU
		{222DB2CC-3F3C-4C6A-A66E-EC76F896080F}.Release|x86.Deploy.0 = Release|Any CPU
		{65733427-B647-4556-A87C-20937496780A}.Ad-Hoc|Any CPU.ActiveCfg = Release|Any CPU
		{65733427-B647-4556-A87C-20937496780A}.Ad-Hoc|Any CPU.Build.0 = Release|Any CPU
		{65733427-B647-4556-A87C-20937496780A}.Ad-Hoc|ARM.ActiveCfg = Release|Any CPU
		{65733427-B647-4556-A87C-20937496780A}.Ad-Hoc|ARM.Build.0 = Release|Any CPU
		{65733427-B647-4556-A87C-20937496780A}.Ad-Hoc|iPhone.ActiveCfg = Release|Any CPU
		{65733427-B647-4556-A87C-20937496780A}.Ad-Hoc|iPhone.Build.0 = Release|Any CPU
		{65733427-B647-4556-A87C-20937496780A}.Ad-Hoc|iPhoneSimulator.ActiveCfg = Release|Any CPU
		{65733427-B647-4556-A87C-20937496780A}.Ad-Hoc|iPhoneSimulator.Build.0 = Release|Any CPU
		{65733427-B647-4556-A87C-20937496780A}.Ad-Hoc|x86.ActiveCfg = Release|Any CPU
		{65733427-B647-4556-A87C-20937496780A}.Ad-Hoc|x86.Build.0 = Release|Any CPU
		{65733427-B647-4556-A87C-20937496780A}.AppStore|Any CPU.ActiveCfg = Release|Any CPU
		{65733427-B647-4556-A87C-20937496780A}.AppStore|Any CPU.Build.0 = Release|Any CPU
		{65733427-B647-4556-A87C-20937496780A}.AppStore|ARM.ActiveCfg = Release|Any CPU
		{65733427-B647-4556-A87C-20937496780A}.AppStore|ARM.Build.0 = Release|Any CPU
		{65733427-B647-4556-A87C-20937496780A}.AppStore|iPhone.ActiveCfg = Release|Any CPU
		{65733427-B647-4556-A87C-20937496780A}.AppStore|iPhone.Build.0 = Release|Any CPU
		{65733427-B647-4556-A87C-20937496780A}.AppStore|iPhoneSimulator.ActiveCfg = Release|Any CPU
		{65733427-B647-4556-A87C-20937496780A}.AppStore|iPhoneSimulator.Build.0 = Release|Any CPU
		{65733427-B647-4556-A87C-20937496780A}.AppStore|x86.ActiveCfg = Release|Any CPU
		{65733427-B647-4556-A87C-20937496780A}.AppStore|x86.Build.0 = Release|Any CPU
		{65733427-B647-4556-A87C-20937496780A}.Debug|Any CPU.ActiveCfg = Debug|Any CPU
		{65733427-B647-4556-A87C-20937496780A}.Debug|Any CPU.Build.0 = Debug|Any CPU
		{65733427-B647-4556-A87C-20937496780A}.Debug|ARM.ActiveCfg = Debug|Any CPU
		{65733427-B647-4556-A87C-20937496780A}.Debug|ARM.Build.0 = Debug|Any CPU
		{65733427-B647-4556-A87C-20937496780A}.Debug|iPhone.ActiveCfg = Debug|Any CPU
		{65733427-B647-4556-A87C-20937496780A}.Debug|iPhone.Build.0 = Debug|Any CPU
		{65733427-B647-4556-A87C-20937496780A}.Debug|iPhoneSimulator.ActiveCfg = Debug|Any CPU
		{65733427-B647-4556-A87C-20937496780A}.Debug|iPhoneSimulator.Build.0 = Debug|Any CPU
		{65733427-B647-4556-A87C-20937496780A}.Debug|x86.ActiveCfg = Debug|Any CPU
		{65733427-B647-4556-A87C-20937496780A}.Debug|x86.Build.0 = Debug|Any CPU
		{65733427-B647-4556-A87C-20937496780A}.Release|Any CPU.ActiveCfg = Release|Any CPU
		{65733427-B647-4556-A87C-20937496780A}.Release|Any CPU.Build.0 = Release|Any CPU
		{65733427-B647-4556-A87C-20937496780A}.Release|ARM.ActiveCfg = Release|Any CPU
		{65733427-B647-4556-A87C-20937496780A}.Release|ARM.Build.0 = Release|Any CPU
		{65733427-B647-4556-A87C-20937496780A}.Release|iPhone.ActiveCfg = Release|Any CPU
		{65733427-B647-4556-A87C-20937496780A}.Release|iPhone.Build.0 = Release|Any CPU
		{65733427-B647-4556-A87C-20937496780A}.Release|iPhoneSimulator.ActiveCfg = Release|Any CPU
		{65733427-B647-4556-A87C-20937496780A}.Release|iPhoneSimulator.Build.0 = Release|Any CPU
		{65733427-B647-4556-A87C-20937496780A}.Release|x86.ActiveCfg = Release|Any CPU
		{65733427-B647-4556-A87C-20937496780A}.Release|x86.Build.0 = Release|Any CPU
		{86508A87-8074-402E-A5DF-AA9A0EADA0B0}.Ad-Hoc|Any CPU.ActiveCfg = Release|Any CPU
		{86508A87-8074-402E-A5DF-AA9A0EADA0B0}.Ad-Hoc|Any CPU.Build.0 = Release|Any CPU
		{86508A87-8074-402E-A5DF-AA9A0EADA0B0}.Ad-Hoc|ARM.ActiveCfg = Release|Any CPU
		{86508A87-8074-402E-A5DF-AA9A0EADA0B0}.Ad-Hoc|ARM.Build.0 = Release|Any CPU
		{86508A87-8074-402E-A5DF-AA9A0EADA0B0}.Ad-Hoc|iPhone.ActiveCfg = Release|Any CPU
		{86508A87-8074-402E-A5DF-AA9A0EADA0B0}.Ad-Hoc|iPhone.Build.0 = Release|Any CPU
		{86508A87-8074-402E-A5DF-AA9A0EADA0B0}.Ad-Hoc|iPhoneSimulator.ActiveCfg = Release|Any CPU
		{86508A87-8074-402E-A5DF-AA9A0EADA0B0}.Ad-Hoc|iPhoneSimulator.Build.0 = Release|Any CPU
		{86508A87-8074-402E-A5DF-AA9A0EADA0B0}.Ad-Hoc|x86.ActiveCfg = Release|Any CPU
		{86508A87-8074-402E-A5DF-AA9A0EADA0B0}.Ad-Hoc|x86.Build.0 = Release|Any CPU
		{86508A87-8074-402E-A5DF-AA9A0EADA0B0}.AppStore|Any CPU.ActiveCfg = Release|Any CPU
		{86508A87-8074-402E-A5DF-AA9A0EADA0B0}.AppStore|Any CPU.Build.0 = Release|Any CPU
		{86508A87-8074-402E-A5DF-AA9A0EADA0B0}.AppStore|ARM.ActiveCfg = Release|Any CPU
		{86508A87-8074-402E-A5DF-AA9A0EADA0B0}.AppStore|ARM.Build.0 = Release|Any CPU
		{86508A87-8074-402E-A5DF-AA9A0EADA0B0}.AppStore|iPhone.ActiveCfg = Release|Any CPU
		{86508A87-8074-402E-A5DF-AA9A0EADA0B0}.AppStore|iPhone.Build.0 = Release|Any CPU
		{86508A87-8074-402E-A5DF-AA9A0EADA0B0}.AppStore|iPhoneSimulator.ActiveCfg = Release|Any CPU
		{86508A87-8074-402E-A5DF-AA9A0EADA0B0}.AppStore|iPhoneSimulator.Build.0 = Release|Any CPU
		{86508A87-8074-402E-A5DF-AA9A0EADA0B0}.AppStore|x86.ActiveCfg = Release|Any CPU
		{86508A87-8074-402E-A5DF-AA9A0EADA0B0}.AppStore|x86.Build.0 = Release|Any CPU
		{86508A87-8074-402E-A5DF-AA9A0EADA0B0}.Debug|Any CPU.ActiveCfg = Debug|Any CPU
		{86508A87-8074-402E-A5DF-AA9A0EADA0B0}.Debug|Any CPU.Build.0 = Debug|Any CPU
		{86508A87-8074-402E-A5DF-AA9A0EADA0B0}.Debug|ARM.ActiveCfg = Debug|Any CPU
		{86508A87-8074-402E-A5DF-AA9A0EADA0B0}.Debug|ARM.Build.0 = Debug|Any CPU
		{86508A87-8074-402E-A5DF-AA9A0EADA0B0}.Debug|iPhone.ActiveCfg = Debug|Any CPU
		{86508A87-8074-402E-A5DF-AA9A0EADA0B0}.Debug|iPhone.Build.0 = Debug|Any CPU
		{86508A87-8074-402E-A5DF-AA9A0EADA0B0}.Debug|iPhoneSimulator.ActiveCfg = Debug|Any CPU
		{86508A87-8074-402E-A5DF-AA9A0EADA0B0}.Debug|iPhoneSimulator.Build.0 = Debug|Any CPU
		{86508A87-8074-402E-A5DF-AA9A0EADA0B0}.Debug|x86.ActiveCfg = Debug|Any CPU
		{86508A87-8074-402E-A5DF-AA9A0EADA0B0}.Debug|x86.Build.0 = Debug|Any CPU
		{86508A87-8074-402E-A5DF-AA9A0EADA0B0}.Release|Any CPU.ActiveCfg = Release|Any CPU
		{86508A87-8074-402E-A5DF-AA9A0EADA0B0}.Release|Any CPU.Build.0 = Release|Any CPU
		{86508A87-8074-402E-A5DF-AA9A0EADA0B0}.Release|ARM.ActiveCfg = Release|Any CPU
		{86508A87-8074-402E-A5DF-AA9A0EADA0B0}.Release|ARM.Build.0 = Release|Any CPU
		{86508A87-8074-402E-A5DF-AA9A0EADA0B0}.Release|iPhone.ActiveCfg = Release|Any CPU
		{86508A87-8074-402E-A5DF-AA9A0EADA0B0}.Release|iPhone.Build.0 = Release|Any CPU
		{86508A87-8074-402E-A5DF-AA9A0EADA0B0}.Release|iPhoneSimulator.ActiveCfg = Release|Any CPU
		{86508A87-8074-402E-A5DF-AA9A0EADA0B0}.Release|iPhoneSimulator.Build.0 = Release|Any CPU
		{86508A87-8074-402E-A5DF-AA9A0EADA0B0}.Release|x86.ActiveCfg = Release|Any CPU
		{86508A87-8074-402E-A5DF-AA9A0EADA0B0}.Release|x86.Build.0 = Release|Any CPU
		{C97D188B-F943-46E3-B5AA-E31A6C440D5E}.Ad-Hoc|Any CPU.ActiveCfg = Ad-Hoc|iPhone
		{C97D188B-F943-46E3-B5AA-E31A6C440D5E}.Ad-Hoc|ARM.ActiveCfg = Ad-Hoc|iPhone
		{C97D188B-F943-46E3-B5AA-E31A6C440D5E}.Ad-Hoc|iPhone.ActiveCfg = Ad-Hoc|iPhone
		{C97D188B-F943-46E3-B5AA-E31A6C440D5E}.Ad-Hoc|iPhone.Build.0 = Ad-Hoc|iPhone
		{C97D188B-F943-46E3-B5AA-E31A6C440D5E}.Ad-Hoc|iPhoneSimulator.ActiveCfg = Ad-Hoc|iPhoneSimulator
		{C97D188B-F943-46E3-B5AA-E31A6C440D5E}.Ad-Hoc|iPhoneSimulator.Build.0 = Ad-Hoc|iPhoneSimulator
		{C97D188B-F943-46E3-B5AA-E31A6C440D5E}.Ad-Hoc|x86.ActiveCfg = Ad-Hoc|iPhone
		{C97D188B-F943-46E3-B5AA-E31A6C440D5E}.AppStore|Any CPU.ActiveCfg = AppStore|iPhone
		{C97D188B-F943-46E3-B5AA-E31A6C440D5E}.AppStore|ARM.ActiveCfg = AppStore|iPhone
		{C97D188B-F943-46E3-B5AA-E31A6C440D5E}.AppStore|iPhone.ActiveCfg = AppStore|iPhone
		{C97D188B-F943-46E3-B5AA-E31A6C440D5E}.AppStore|iPhone.Build.0 = AppStore|iPhone
		{C97D188B-F943-46E3-B5AA-E31A6C440D5E}.AppStore|iPhoneSimulator.ActiveCfg = AppStore|iPhoneSimulator
		{C97D188B-F943-46E3-B5AA-E31A6C440D5E}.AppStore|iPhoneSimulator.Build.0 = AppStore|iPhoneSimulator
		{C97D188B-F943-46E3-B5AA-E31A6C440D5E}.AppStore|x86.ActiveCfg = AppStore|iPhone
		{C97D188B-F943-46E3-B5AA-E31A6C440D5E}.Debug|Any CPU.ActiveCfg = Debug|iPhone
		{C97D188B-F943-46E3-B5AA-E31A6C440D5E}.Debug|Any CPU.Build.0 = Debug|iPhone
		{C97D188B-F943-46E3-B5AA-E31A6C440D5E}.Debug|ARM.ActiveCfg = Debug|iPhone
		{C97D188B-F943-46E3-B5AA-E31A6C440D5E}.Debug|iPhone.ActiveCfg = Debug|iPhone
		{C97D188B-F943-46E3-B5AA-E31A6C440D5E}.Debug|iPhone.Build.0 = Debug|iPhone
		{C97D188B-F943-46E3-B5AA-E31A6C440D5E}.Debug|iPhoneSimulator.ActiveCfg = Debug|iPhoneSimulator
		{C97D188B-F943-46E3-B5AA-E31A6C440D5E}.Debug|iPhoneSimulator.Build.0 = Debug|iPhoneSimulator
		{C97D188B-F943-46E3-B5AA-E31A6C440D5E}.Debug|x86.ActiveCfg = Debug|iPhone
		{C97D188B-F943-46E3-B5AA-E31A6C440D5E}.Release|Any CPU.ActiveCfg = Release|iPhone
		{C97D188B-F943-46E3-B5AA-E31A6C440D5E}.Release|ARM.ActiveCfg = Release|iPhone
		{C97D188B-F943-46E3-B5AA-E31A6C440D5E}.Release|iPhone.ActiveCfg = Release|iPhone
		{C97D188B-F943-46E3-B5AA-E31A6C440D5E}.Release|iPhone.Build.0 = Release|iPhone
		{C97D188B-F943-46E3-B5AA-E31A6C440D5E}.Release|iPhoneSimulator.ActiveCfg = Release|iPhoneSimulator
		{C97D188B-F943-46E3-B5AA-E31A6C440D5E}.Release|iPhoneSimulator.Build.0 = Release|iPhoneSimulator
		{C97D188B-F943-46E3-B5AA-E31A6C440D5E}.Release|x86.ActiveCfg = Release|iPhone
		{EAAA0F61-B069-4DBD-9BD5-7CC17C6CA9FB}.Ad-Hoc|Any CPU.ActiveCfg = Release|Any CPU
		{EAAA0F61-B069-4DBD-9BD5-7CC17C6CA9FB}.Ad-Hoc|Any CPU.Build.0 = Release|Any CPU
		{EAAA0F61-B069-4DBD-9BD5-7CC17C6CA9FB}.Ad-Hoc|Any CPU.Deploy.0 = Release|Any CPU
		{EAAA0F61-B069-4DBD-9BD5-7CC17C6CA9FB}.Ad-Hoc|ARM.ActiveCfg = Release|ARM
		{EAAA0F61-B069-4DBD-9BD5-7CC17C6CA9FB}.Ad-Hoc|ARM.Build.0 = Release|ARM
		{EAAA0F61-B069-4DBD-9BD5-7CC17C6CA9FB}.Ad-Hoc|ARM.Deploy.0 = Release|ARM
		{EAAA0F61-B069-4DBD-9BD5-7CC17C6CA9FB}.Ad-Hoc|iPhone.ActiveCfg = Release|Any CPU
		{EAAA0F61-B069-4DBD-9BD5-7CC17C6CA9FB}.Ad-Hoc|iPhone.Build.0 = Release|Any CPU
		{EAAA0F61-B069-4DBD-9BD5-7CC17C6CA9FB}.Ad-Hoc|iPhone.Deploy.0 = Release|Any CPU
		{EAAA0F61-B069-4DBD-9BD5-7CC17C6CA9FB}.Ad-Hoc|iPhoneSimulator.ActiveCfg = Release|Any CPU
		{EAAA0F61-B069-4DBD-9BD5-7CC17C6CA9FB}.Ad-Hoc|iPhoneSimulator.Build.0 = Release|Any CPU
		{EAAA0F61-B069-4DBD-9BD5-7CC17C6CA9FB}.Ad-Hoc|iPhoneSimulator.Deploy.0 = Release|Any CPU
		{EAAA0F61-B069-4DBD-9BD5-7CC17C6CA9FB}.Ad-Hoc|x86.ActiveCfg = Release|x86
		{EAAA0F61-B069-4DBD-9BD5-7CC17C6CA9FB}.Ad-Hoc|x86.Build.0 = Release|x86
		{EAAA0F61-B069-4DBD-9BD5-7CC17C6CA9FB}.Ad-Hoc|x86.Deploy.0 = Release|x86
		{EAAA0F61-B069-4DBD-9BD5-7CC17C6CA9FB}.AppStore|Any CPU.ActiveCfg = Release|Any CPU
		{EAAA0F61-B069-4DBD-9BD5-7CC17C6CA9FB}.AppStore|Any CPU.Build.0 = Release|Any CPU
		{EAAA0F61-B069-4DBD-9BD5-7CC17C6CA9FB}.AppStore|Any CPU.Deploy.0 = Release|Any CPU
		{EAAA0F61-B069-4DBD-9BD5-7CC17C6CA9FB}.AppStore|ARM.ActiveCfg = Release|ARM
		{EAAA0F61-B069-4DBD-9BD5-7CC17C6CA9FB}.AppStore|ARM.Build.0 = Release|ARM
		{EAAA0F61-B069-4DBD-9BD5-7CC17C6CA9FB}.AppStore|ARM.Deploy.0 = Release|ARM
		{EAAA0F61-B069-4DBD-9BD5-7CC17C6CA9FB}.AppStore|iPhone.ActiveCfg = Release|Any CPU
		{EAAA0F61-B069-4DBD-9BD5-7CC17C6CA9FB}.AppStore|iPhone.Build.0 = Release|Any CPU
		{EAAA0F61-B069-4DBD-9BD5-7CC17C6CA9FB}.AppStore|iPhone.Deploy.0 = Release|Any CPU
		{EAAA0F61-B069-4DBD-9BD5-7CC17C6CA9FB}.AppStore|iPhoneSimulator.ActiveCfg = Release|Any CPU
		{EAAA0F61-B069-4DBD-9BD5-7CC17C6CA9FB}.AppStore|iPhoneSimulator.Build.0 = Release|Any CPU
		{EAAA0F61-B069-4DBD-9BD5-7CC17C6CA9FB}.AppStore|iPhoneSimulator.Deploy.0 = Release|Any CPU
		{EAAA0F61-B069-4DBD-9BD5-7CC17C6CA9FB}.AppStore|x86.ActiveCfg = Release|x86
		{EAAA0F61-B069-4DBD-9BD5-7CC17C6CA9FB}.AppStore|x86.Build.0 = Release|x86
		{EAAA0F61-B069-4DBD-9BD5-7CC17C6CA9FB}.AppStore|x86.Deploy.0 = Release|x86
		{EAAA0F61-B069-4DBD-9BD5-7CC17C6CA9FB}.Debug|Any CPU.ActiveCfg = Debug|Any CPU
		{EAAA0F61-B069-4DBD-9BD5-7CC17C6CA9FB}.Debug|Any CPU.Build.0 = Debug|Any CPU
		{EAAA0F61-B069-4DBD-9BD5-7CC17C6CA9FB}.Debug|Any CPU.Deploy.0 = Debug|Any CPU
		{EAAA0F61-B069-4DBD-9BD5-7CC17C6CA9FB}.Debug|ARM.ActiveCfg = Debug|ARM
		{EAAA0F61-B069-4DBD-9BD5-7CC17C6CA9FB}.Debug|ARM.Build.0 = Debug|ARM
		{EAAA0F61-B069-4DBD-9BD5-7CC17C6CA9FB}.Debug|ARM.Deploy.0 = Debug|ARM
		{EAAA0F61-B069-4DBD-9BD5-7CC17C6CA9FB}.Debug|iPhone.ActiveCfg = Debug|Any CPU
		{EAAA0F61-B069-4DBD-9BD5-7CC17C6CA9FB}.Debug|iPhone.Build.0 = Debug|Any CPU
		{EAAA0F61-B069-4DBD-9BD5-7CC17C6CA9FB}.Debug|iPhone.Deploy.0 = Debug|Any CPU
		{EAAA0F61-B069-4DBD-9BD5-7CC17C6CA9FB}.Debug|iPhoneSimulator.ActiveCfg = Debug|Any CPU
		{EAAA0F61-B069-4DBD-9BD5-7CC17C6CA9FB}.Debug|iPhoneSimulator.Build.0 = Debug|Any CPU
		{EAAA0F61-B069-4DBD-9BD5-7CC17C6CA9FB}.Debug|iPhoneSimulator.Deploy.0 = Debug|Any CPU
		{EAAA0F61-B069-4DBD-9BD5-7CC17C6CA9FB}.Debug|x86.ActiveCfg = Debug|x86
		{EAAA0F61-B069-4DBD-9BD5-7CC17C6CA9FB}.Debug|x86.Build.0 = Debug|x86
		{EAAA0F61-B069-4DBD-9BD5-7CC17C6CA9FB}.Debug|x86.Deploy.0 = Debug|x86
		{EAAA0F61-B069-4DBD-9BD5-7CC17C6CA9FB}.Release|Any CPU.ActiveCfg = Release|Any CPU
		{EAAA0F61-B069-4DBD-9BD5-7CC17C6CA9FB}.Release|Any CPU.Build.0 = Release|Any CPU
		{EAAA0F61-B069-4DBD-9BD5-7CC17C6CA9FB}.Release|Any CPU.Deploy.0 = Release|Any CPU
		{EAAA0F61-B069-4DBD-9BD5-7CC17C6CA9FB}.Release|ARM.ActiveCfg = Release|ARM
		{EAAA0F61-B069-4DBD-9BD5-7CC17C6CA9FB}.Release|ARM.Build.0 = Release|ARM
		{EAAA0F61-B069-4DBD-9BD5-7CC17C6CA9FB}.Release|ARM.Deploy.0 = Release|ARM
		{EAAA0F61-B069-4DBD-9BD5-7CC17C6CA9FB}.Release|iPhone.ActiveCfg = Release|Any CPU
		{EAAA0F61-B069-4DBD-9BD5-7CC17C6CA9FB}.Release|iPhone.Build.0 = Release|Any CPU
		{EAAA0F61-B069-4DBD-9BD5-7CC17C6CA9FB}.Release|iPhone.Deploy.0 = Release|Any CPU
		{EAAA0F61-B069-4DBD-9BD5-7CC17C6CA9FB}.Release|iPhoneSimulator.ActiveCfg = Release|Any CPU
		{EAAA0F61-B069-4DBD-9BD5-7CC17C6CA9FB}.Release|iPhoneSimulator.Build.0 = Release|Any CPU
		{EAAA0F61-B069-4DBD-9BD5-7CC17C6CA9FB}.Release|iPhoneSimulator.Deploy.0 = Release|Any CPU
		{EAAA0F61-B069-4DBD-9BD5-7CC17C6CA9FB}.Release|x86.ActiveCfg = Release|x86
		{EAAA0F61-B069-4DBD-9BD5-7CC17C6CA9FB}.Release|x86.Build.0 = Release|x86
		{EAAA0F61-B069-4DBD-9BD5-7CC17C6CA9FB}.Release|x86.Deploy.0 = Release|x86
		{EFE39D51-63CB-4D8B-AB47-367E2FB40EFB}.Ad-Hoc|Any CPU.ActiveCfg = Release|Any CPU
		{EFE39D51-63CB-4D8B-AB47-367E2FB40EFB}.Ad-Hoc|Any CPU.Build.0 = Release|Any CPU
		{EFE39D51-63CB-4D8B-AB47-367E2FB40EFB}.Ad-Hoc|ARM.ActiveCfg = Release|Any CPU
		{EFE39D51-63CB-4D8B-AB47-367E2FB40EFB}.Ad-Hoc|ARM.Build.0 = Release|Any CPU
		{EFE39D51-63CB-4D8B-AB47-367E2FB40EFB}.Ad-Hoc|iPhone.ActiveCfg = Release|Any CPU
		{EFE39D51-63CB-4D8B-AB47-367E2FB40EFB}.Ad-Hoc|iPhone.Build.0 = Release|Any CPU
		{EFE39D51-63CB-4D8B-AB47-367E2FB40EFB}.Ad-Hoc|iPhoneSimulator.ActiveCfg = Release|Any CPU
		{EFE39D51-63CB-4D8B-AB47-367E2FB40EFB}.Ad-Hoc|iPhoneSimulator.Build.0 = Release|Any CPU
		{EFE39D51-63CB-4D8B-AB47-367E2FB40EFB}.Ad-Hoc|x86.ActiveCfg = Release|Any CPU
		{EFE39D51-63CB-4D8B-AB47-367E2FB40EFB}.Ad-Hoc|x86.Build.0 = Release|Any CPU
		{EFE39D51-63CB-4D8B-AB47-367E2FB40EFB}.AppStore|Any CPU.ActiveCfg = Release|Any CPU
		{EFE39D51-63CB-4D8B-AB47-367E2FB40EFB}.AppStore|Any CPU.Build.0 = Release|Any CPU
		{EFE39D51-63CB-4D8B-AB47-367E2FB40EFB}.AppStore|ARM.ActiveCfg = Release|Any CPU
		{EFE39D51-63CB-4D8B-AB47-367E2FB40EFB}.AppStore|ARM.Build.0 = Release|Any CPU
		{EFE39D51-63CB-4D8B-AB47-367E2FB40EFB}.AppStore|iPhone.ActiveCfg = Release|Any CPU
		{EFE39D51-63CB-4D8B-AB47-367E2FB40EFB}.AppStore|iPhone.Build.0 = Release|Any CPU
		{EFE39D51-63CB-4D8B-AB47-367E2FB40EFB}.AppStore|iPhoneSimulator.ActiveCfg = Release|Any CPU
		{EFE39D51-63CB-4D8B-AB47-367E2FB40EFB}.AppStore|iPhoneSimulator.Build.0 = Release|Any CPU
		{EFE39D51-63CB-4D8B-AB47-367E2FB40EFB}.AppStore|x86.ActiveCfg = Release|Any CPU
		{EFE39D51-63CB-4D8B-AB47-367E2FB40EFB}.AppStore|x86.Build.0 = Release|Any CPU
		{EFE39D51-63CB-4D8B-AB47-367E2FB40EFB}.Debug|Any CPU.ActiveCfg = Debug|Any CPU
		{EFE39D51-63CB-4D8B-AB47-367E2FB40EFB}.Debug|Any CPU.Build.0 = Debug|Any CPU
		{EFE39D51-63CB-4D8B-AB47-367E2FB40EFB}.Debug|ARM.ActiveCfg = Debug|Any CPU
		{EFE39D51-63CB-4D8B-AB47-367E2FB40EFB}.Debug|ARM.Build.0 = Debug|Any CPU
		{EFE39D51-63CB-4D8B-AB47-367E2FB40EFB}.Debug|iPhone.ActiveCfg = Debug|Any CPU
		{EFE39D51-63CB-4D8B-AB47-367E2FB40EFB}.Debug|iPhone.Build.0 = Debug|Any CPU
		{EFE39D51-63CB-4D8B-AB47-367E2FB40EFB}.Debug|iPhoneSimulator.ActiveCfg = Debug|Any CPU
		{EFE39D51-63CB-4D8B-AB47-367E2FB40EFB}.Debug|iPhoneSimulator.Build.0 = Debug|Any CPU
		{EFE39D51-63CB-4D8B-AB47-367E2FB40EFB}.Debug|x86.ActiveCfg = Debug|Any CPU
		{EFE39D51-63CB-4D8B-AB47-367E2FB40EFB}.Debug|x86.Build.0 = Debug|Any CPU
		{EFE39D51-63CB-4D8B-AB47-367E2FB40EFB}.Release|Any CPU.ActiveCfg = Release|Any CPU
		{EFE39D51-63CB-4D8B-AB47-367E2FB40EFB}.Release|Any CPU.Build.0 = Release|Any CPU
		{EFE39D51-63CB-4D8B-AB47-367E2FB40EFB}.Release|ARM.ActiveCfg = Release|Any CPU
		{EFE39D51-63CB-4D8B-AB47-367E2FB40EFB}.Release|ARM.Build.0 = Release|Any CPU
		{EFE39D51-63CB-4D8B-AB47-367E2FB40EFB}.Release|iPhone.ActiveCfg = Release|Any CPU
		{EFE39D51-63CB-4D8B-AB47-367E2FB40EFB}.Release|iPhone.Build.0 = Release|Any CPU
		{EFE39D51-63CB-4D8B-AB47-367E2FB40EFB}.Release|iPhoneSimulator.ActiveCfg = Release|Any CPU
		{EFE39D51-63CB-4D8B-AB47-367E2FB40EFB}.Release|iPhoneSimulator.Build.0 = Release|Any CPU
		{EFE39D51-63CB-4D8B-AB47-367E2FB40EFB}.Release|x86.ActiveCfg = Release|Any CPU
		{EFE39D51-63CB-4D8B-AB47-367E2FB40EFB}.Release|x86.Build.0 = Release|Any CPU
	EndGlobalSection
	GlobalSection(MonoDevelopProperties) = preSolution
		Policies = $0
		$0.DotNetNamingPolicy = $1
		$1.DirectoryNamespaceAssociation = PrefixedHierarchical
		$1.ResourceNamePolicy = FileFormatDefault
		$0.TextStylePolicy = $2
		$2.FileWidth = 120
		$2.TabsToSpaces = False
		$2.inheritsSet = VisualStudio
		$2.inheritsScope = text/plain
		$0.TextStylePolicy = $3
		$3.inheritsSet = null
		$3.scope = text/x-csharp
		$0.CSharpFormattingPolicy = $4
		$4.IndentSwitchBody = True
		$4.IndentBlocksInsideExpressions = True
		$4.AnonymousMethodBraceStyle = NextLine
		$4.PropertyBraceStyle = NextLine
		$4.PropertyGetBraceStyle = NextLine
		$4.PropertySetBraceStyle = NextLine
		$4.EventBraceStyle = NextLine
		$4.EventAddBraceStyle = NextLine
		$4.EventRemoveBraceStyle = NextLine
		$4.StatementBraceStyle = NextLine
		$4.ElseNewLinePlacement = NewLine
		$4.CatchNewLinePlacement = NewLine
		$4.FinallyNewLinePlacement = NewLine
		$4.WhileNewLinePlacement = DoNotCare
		$4.ArrayInitializerWrapping = DoNotChange
		$4.ArrayInitializerBraceStyle = NextLine
		$4.BeforeMethodDeclarationParentheses = False
		$4.BeforeMethodCallParentheses = False
		$4.BeforeConstructorDeclarationParentheses = False
		$4.NewLineBeforeConstructorInitializerColon = NewLine
		$4.NewLineAfterConstructorInitializerColon = SameLine
		$4.BeforeDelegateDeclarationParentheses = False
		$4.NewParentheses = False
		$4.SpacesBeforeBrackets = False
		$4.inheritsSet = Mono
		$4.inheritsScope = text/x-csharp
		$4.scope = text/x-csharp
		$0.TextStylePolicy = $5
		$5.FileWidth = 120
		$5.EolMarker = Windows
		$5.inheritsSet = VisualStudio
		$5.inheritsScope = text/plain
		$5.scope = text/plain
		$0.TextStylePolicy = $6
		$6.inheritsSet = null
		$6.scope = application/config+xml
		$0.XmlFormattingPolicy = $7
		$7.inheritsSet = null
		$7.scope = application/config+xml
		$0.TextStylePolicy = $8
		$8.inheritsSet = null
		$8.scope = application/xml
		$0.XmlFormattingPolicy = $9
		$9.inheritsSet = Mono
		$9.inheritsScope = application/xml
		$9.scope = application/xml
		version = 0.5-alpha2
	EndGlobalSection
	GlobalSection(SolutionProperties) = preSolution
		HideSolutionNode = FALSE
	EndGlobalSection
EndGlobal
